
Microsoft Visual Studio Solution File, Format Version 11.00
# Visual Studio 2010
Project("{FAE04EC0-301F-11D3-BF4B-00C04F79EFBC}") = "EditeurCarteProjet2", "EditeurCarteProjet2\EditeurCarteProjet2\EditeurCarteProjet2.csproj", "{5DE4B9A9-FB87-44F8-83E8-84B472FC8CFA}"
EndProject
Project("{96E2B04D-8817-42C6-938A-82C39BA4D311}") = "EditeurCarteProjet2Content", "EditeurCarteProjet2\EditeurCarteProjet2Content\EditeurCarteProjet2Content.contentproj", "{911B1A41-3117-42CE-BA26-DE71D83208A4}"
EndProject
Global
	GlobalSection(SolutionConfigurationPlatforms) = preSolution
		Debug|x86 = Debug|x86
		Release|x86 = Release|x86
	EndGlobalSection
	GlobalSection(ProjectConfigurationPlatforms) = postSolution
		{5DE4B9A9-FB87-44F8-83E8-84B472FC8CFA}.Debug|x86.ActiveCfg = Debug|x86
		{5DE4B9A9-FB87-44F8-83E8-84B472FC8CFA}.Debug|x86.Build.0 = Debug|x86
		{5DE4B9A9-FB87-44F8-83E8-84B472FC8CFA}.Release|x86.ActiveCfg = Release|x86
		{5DE4B9A9-FB87-44F8-83E8-84B472FC8CFA}.Release|x86.Build.0 = Release|x86
		{911B1A41-3117-42CE-BA26-DE71D83208A4}.Debug|x86.ActiveCfg = Debug|x86
		{911B1A41-3117-42CE-BA26-DE71D83208A4}.Release|x86.ActiveCfg = Release|x86
	EndGlobalSection
	GlobalSection(SolutionProperties) = preSolution
		HideSolutionNode = FALSE
	EndGlobalSection
EndGlobal
